// !$*UTF8*$!
{
	archiveVersion = 1;
	classes = {
	};
	objectVersion = 46;
	objects = {

/* Begin PBXBuildFile section */
		ACFCB8891ADE59550041E7D5 /* AppDelegate.swift in Sources */ = {isa = PBXBuildFile; fileRef = ACFCB8881ADE59550041E7D5 /* AppDelegate.swift */; };
		ACFCB88B1ADE59550041E7D5 /* MainViewController.swift in Sources */ = {isa = PBXBuildFile; fileRef = ACFCB88A1ADE59550041E7D5 /* MainViewController.swift */; };
		ACFCB88E1ADE59550041E7D5 /* Main.storyboard in Resources */ = {isa = PBXBuildFile; fileRef = ACFCB88C1ADE59550041E7D5 /* Main.storyboard */; };
		ACFCB8901ADE59550041E7D5 /* Images.xcassets in Resources */ = {isa = PBXBuildFile; fileRef = ACFCB88F1ADE59550041E7D5 /* Images.xcassets */; };
		ACFCB8931ADE59550041E7D5 /* LaunchScreen.xib in Resources */ = {isa = PBXBuildFile; fileRef = ACFCB8911ADE59550041E7D5 /* LaunchScreen.xib */; };
		ACFCB89F1ADE59550041E7D5 /* YoungAnimalDetectivesTests.swift in Sources */ = {isa = PBXBuildFile; fileRef = ACFCB89E1ADE59550041E7D5 /* YoungAnimalDetectivesTests.swift */; };
		ACFCB8AA1ADE5B960041E7D5 /* ProjectsListViewController.swift in Sources */ = {isa = PBXBuildFile; fileRef = ACFCB8A91ADE5B960041E7D5 /* ProjectsListViewController.swift */; };
		ACFCB8AC1ADE5BBD0041E7D5 /* ProjectDisplayViewController.swift in Sources */ = {isa = PBXBuildFile; fileRef = ACFCB8AB1ADE5BBD0041E7D5 /* ProjectDisplayViewController.swift */; };
		ACFCB8AE1ADE5BEA0041E7D5 /* ObservationsNotepadViewController.swift in Sources */ = {isa = PBXBuildFile; fileRef = ACFCB8AD1ADE5BEA0041E7D5 /* ObservationsNotepadViewController.swift */; };
		ACFCB8B11ADF2E7E0041E7D5 /* back.png in Resources */ = {isa = PBXBuildFile; fileRef = ACFCB8B01ADF2E7E0041E7D5 /* back.png */; };
		ACFCB8BB1ADF2E920041E7D5 /* cat.png in Resources */ = {isa = PBXBuildFile; fileRef = ACFCB8B21ADF2E920041E7D5 /* cat.png */; };
		ACFCB8BC1ADF2E920041E7D5 /* clipboardbg.png in Resources */ = {isa = PBXBuildFile; fileRef = ACFCB8B31ADF2E920041E7D5 /* clipboardbg.png */; };
		ACFCB8BD1ADF2E920041E7D5 /* background.png in Resources */ = {isa = PBXBuildFile; fileRef = ACFCB8B41ADF2E920041E7D5 /* background.png */; };
		ACFCB8BE1ADF2E920041E7D5 /* dog.png in Resources */ = {isa = PBXBuildFile; fileRef = ACFCB8B51ADF2E920041E7D5 /* dog.png */; };
		ACFCB8BF1ADF2E920041E7D5 /* pig.png in Resources */ = {isa = PBXBuildFile; fileRef = ACFCB8B61ADF2E920041E7D5 /* pig.png */; };
		ACFCB8C01ADF2E920041E7D5 /* rabbit.png in Resources */ = {isa = PBXBuildFile; fileRef = ACFCB8B71ADF2E920041E7D5 /* rabbit.png */; };
		ACFCB8C11ADF2E920041E7D5 /* detectives.png in Resources */ = {isa = PBXBuildFile; fileRef = ACFCB8B81ADF2E920041E7D5 /* detectives.png */; };
		ACFCB8C21ADF2E920041E7D5 /* animal-blue.png in Resources */ = {isa = PBXBuildFile; fileRef = ACFCB8B91ADF2E920041E7D5 /* animal-blue.png */; };
		ACFCB8C31ADF2E920041E7D5 /* animal-orange.png in Resources */ = {isa = PBXBuildFile; fileRef = ACFCB8BA1ADF2E920041E7D5 /* animal-orange.png */; };
		ACFCB8C51ADF322F0041E7D5 /* young.png in Resources */ = {isa = PBXBuildFile; fileRef = ACFCB8C41ADF322F0041E7D5 /* young.png */; };
		ACFCB8C71ADF35370041E7D5 /* home.png in Resources */ = {isa = PBXBuildFile; fileRef = ACFCB8C61ADF35370041E7D5 /* home.png */; };
		ACFCB8C91ADF6EA90041E7D5 /* forward.png in Resources */ = {isa = PBXBuildFile; fileRef = ACFCB8C81ADF6EA90041E7D5 /* forward.png */; };
		ACFCB8D41ADF6EB10041E7D5 /* addbutton.png in Resources */ = {isa = PBXBuildFile; fileRef = ACFCB8CA1ADF6EB10041E7D5 /* addbutton.png */; };
		ACFCB8D51ADF6EB10041E7D5 /* circlecat.png in Resources */ = {isa = PBXBuildFile; fileRef = ACFCB8CB1ADF6EB10041E7D5 /* circlecat.png */; };
		ACFCB8D61ADF6EB10041E7D5 /* circlepig.png in Resources */ = {isa = PBXBuildFile; fileRef = ACFCB8CC1ADF6EB10041E7D5 /* circlepig.png */; };
		ACFCB8D71ADF6EB10041E7D5 /* circlepup.png in Resources */ = {isa = PBXBuildFile; fileRef = ACFCB8CD1ADF6EB10041E7D5 /* circlepup.png */; };
		ACFCB8D81ADF6EB10041E7D5 /* circlerabbit.png in Resources */ = {isa = PBXBuildFile; fileRef = ACFCB8CE1ADF6EB10041E7D5 /* circlerabbit.png */; };
		ACFCB8D91ADF6EB10041E7D5 /* notepadbutton.png in Resources */ = {isa = PBXBuildFile; fileRef = ACFCB8CF1ADF6EB10041E7D5 /* notepadbutton.png */; };
		ACFCB8DA1ADF6EB10041E7D5 /* squarecat.png in Resources */ = {isa = PBXBuildFile; fileRef = ACFCB8D01ADF6EB10041E7D5 /* squarecat.png */; };
		ACFCB8DB1ADF6EB10041E7D5 /* squarepig.png in Resources */ = {isa = PBXBuildFile; fileRef = ACFCB8D11ADF6EB10041E7D5 /* squarepig.png */; };
		ACFCB8DC1ADF6EB10041E7D5 /* squarepup.png in Resources */ = {isa = PBXBuildFile; fileRef = ACFCB8D21ADF6EB10041E7D5 /* squarepup.png */; };
		ACFCB8DD1ADF6EB10041E7D5 /* squarerabbit.png in Resources */ = {isa = PBXBuildFile; fileRef = ACFCB8D31ADF6EB10041E7D5 /* squarerabbit.png */; };
		ACFCB8ED1ADF92780041E7D5 /* Project.swift in Sources */ = {isa = PBXBuildFile; fileRef = ACFCB8E11ADF92780041E7D5 /* Project.swift */; };
		ACFCB8EE1ADF92780041E7D5 /* Storable.swift in Sources */ = {isa = PBXBuildFile; fileRef = ACFCB8E21ADF92780041E7D5 /* Storable.swift */; };
		ACFCB8EF1ADF92780041E7D5 /* BehaviourState.swift in Sources */ = {isa = PBXBuildFile; fileRef = ACFCB8E31ADF92780041E7D5 /* BehaviourState.swift */; };
		ACFCB8F01ADF92780041E7D5 /* Ethogram.swift in Sources */ = {isa = PBXBuildFile; fileRef = ACFCB8E41ADF92780041E7D5 /* Ethogram.swift */; };
		ACFCB8F11ADF92780041E7D5 /* Session.swift in Sources */ = {isa = PBXBuildFile; fileRef = ACFCB8E51ADF92780041E7D5 /* Session.swift */; };
		ACFCB8F21ADF92780041E7D5 /* Observation.swift in Sources */ = {isa = PBXBuildFile; fileRef = ACFCB8E61ADF92780041E7D5 /* Observation.swift */; };
		ACFCB8F31ADF92780041E7D5 /* Individual.swift in Sources */ = {isa = PBXBuildFile; fileRef = ACFCB8E71ADF92780041E7D5 /* Individual.swift */; };
		ACFCB8F41ADF92780041E7D5 /* Location.swift in Sources */ = {isa = PBXBuildFile; fileRef = ACFCB8E81ADF92780041E7D5 /* Location.swift */; };
		ACFCB8F51ADF92780041E7D5 /* Weather.swift in Sources */ = {isa = PBXBuildFile; fileRef = ACFCB8E91ADF92780041E7D5 /* Weather.swift */; };
		ACFCB8F61ADF92780041E7D5 /* Tag.swift in Sources */ = {isa = PBXBuildFile; fileRef = ACFCB8EA1ADF92780041E7D5 /* Tag.swift */; };
		ACFCB8F71ADF92780041E7D5 /* Photo.swift in Sources */ = {isa = PBXBuildFile; fileRef = ACFCB8EB1ADF92780041E7D5 /* Photo.swift */; };
		ACFCB8FC1ADF95500041E7D5 /* User.swift in Sources */ = {isa = PBXBuildFile; fileRef = ACFCB8FB1ADF95500041E7D5 /* User.swift */; };
		ACFCB8FE1ADF98F80041E7D5 /* UserAuthService.swift in Sources */ = {isa = PBXBuildFile; fileRef = ACFCB8FD1ADF98F80041E7D5 /* UserAuthService.swift */; };
		ACFCB9001ADF99340041E7D5 /* BiolifeModel.swift in Sources */ = {isa = PBXBuildFile; fileRef = ACFCB8FF1ADF99340041E7D5 /* BiolifeModel.swift */; };
		ACFCB9071ADFA25B0041E7D5 /* BiolifeDateFormatter.swift in Sources */ = {isa = PBXBuildFile; fileRef = ACFCB9061ADFA25B0041E7D5 /* BiolifeDateFormatter.swift */; };
		ACFCB9091ADFA3270041E7D5 /* NSDate+Encoding.swift in Sources */ = {isa = PBXBuildFile; fileRef = ACFCB9081ADFA3270041E7D5 /* NSDate+Encoding.swift */; };
		ACFCB9161ADFA9330041E7D5 /* BLTBehaviourStateProtocol.swift in Sources */ = {isa = PBXBuildFile; fileRef = ACFCB90C1ADFA9330041E7D5 /* BLTBehaviourStateProtocol.swift */; };
		ACFCB9171ADFA9330041E7D5 /* BLTEthogramProtocol.swift in Sources */ = {isa = PBXBuildFile; fileRef = ACFCB90D1ADFA9330041E7D5 /* BLTEthogramProtocol.swift */; };
		ACFCB9181ADFA9330041E7D5 /* BLTIndividualProtocol.swift in Sources */ = {isa = PBXBuildFile; fileRef = ACFCB90E1ADFA9330041E7D5 /* BLTIndividualProtocol.swift */; };
		ACFCB9191ADFA9330041E7D5 /* BLTLocationProtocol.swift in Sources */ = {isa = PBXBuildFile; fileRef = ACFCB90F1ADFA9330041E7D5 /* BLTLocationProtocol.swift */; };
		ACFCB91A1ADFA9330041E7D5 /* BLTObservationProtocol.swift in Sources */ = {isa = PBXBuildFile; fileRef = ACFCB9101ADFA9330041E7D5 /* BLTObservationProtocol.swift */; };
		ACFCB91B1ADFA9330041E7D5 /* BLTPhotoProtocol.swift in Sources */ = {isa = PBXBuildFile; fileRef = ACFCB9111ADFA9330041E7D5 /* BLTPhotoProtocol.swift */; };
		ACFCB91C1ADFA9330041E7D5 /* BLTProjectProtocol.swift in Sources */ = {isa = PBXBuildFile; fileRef = ACFCB9121ADFA9330041E7D5 /* BLTProjectProtocol.swift */; };
		ACFCB91D1ADFA9330041E7D5 /* BLTSessionProtocol.swift in Sources */ = {isa = PBXBuildFile; fileRef = ACFCB9131ADFA9330041E7D5 /* BLTSessionProtocol.swift */; };
		ACFCB91E1ADFA9330041E7D5 /* BLTTagProtocol.swift in Sources */ = {isa = PBXBuildFile; fileRef = ACFCB9141ADFA9330041E7D5 /* BLTTagProtocol.swift */; };
		ACFCB91F1ADFA9330041E7D5 /* BLTWeatherProtocol.swift in Sources */ = {isa = PBXBuildFile; fileRef = ACFCB9151ADFA9330041E7D5 /* BLTWeatherProtocol.swift */; };
		ACFCB9211ADFABD30041E7D5 /* Constants.swift in Sources */ = {isa = PBXBuildFile; fileRef = ACFCB9201ADFABD30041E7D5 /* Constants.swift */; };
		ACFCB9251ADFAC270041E7D5 /* BLTProjectDeserializer.swift in Sources */ = {isa = PBXBuildFile; fileRef = ACFCB9231ADFAC270041E7D5 /* BLTProjectDeserializer.swift */; };
		ACFCB9261ADFAC270041E7D5 /* BLTProjectSerializer.swift in Sources */ = {isa = PBXBuildFile; fileRef = ACFCB9241ADFAC270041E7D5 /* BLTProjectSerializer.swift */; };
/* End PBXBuildFile section */

/* Begin PBXContainerItemProxy section */
		ACFCB8991ADE59550041E7D5 /* PBXContainerItemProxy */ = {
			isa = PBXContainerItemProxy;
			containerPortal = ACFCB87B1ADE59550041E7D5 /* Project object */;
			proxyType = 1;
			remoteGlobalIDString = ACFCB8821ADE59550041E7D5;
			remoteInfo = YoungAnimalDetectives;
		};
/* End PBXContainerItemProxy section */

/* Begin PBXFileReference section */
		ACFCB8831ADE59550041E7D5 /* YoungAnimalDetectives.app */ = {isa = PBXFileReference; explicitFileType = wrapper.application; includeInIndex = 0; path = YoungAnimalDetectives.app; sourceTree = BUILT_PRODUCTS_DIR; };
		ACFCB8871ADE59550041E7D5 /* Info.plist */ = {isa = PBXFileReference; lastKnownFileType = text.plist.xml; path = Info.plist; sourceTree = "<group>"; };
		ACFCB8881ADE59550041E7D5 /* AppDelegate.swift */ = {isa = PBXFileReference; lastKnownFileType = sourcecode.swift; path = AppDelegate.swift; sourceTree = "<group>"; };
		ACFCB88A1ADE59550041E7D5 /* MainViewController.swift */ = {isa = PBXFileReference; lastKnownFileType = sourcecode.swift; path = MainViewController.swift; sourceTree = "<group>"; };
		ACFCB88D1ADE59550041E7D5 /* Base */ = {isa = PBXFileReference; lastKnownFileType = file.storyboard; name = Base; path = Base.lproj/Main.storyboard; sourceTree = "<group>"; };
		ACFCB88F1ADE59550041E7D5 /* Images.xcassets */ = {isa = PBXFileReference; lastKnownFileType = folder.assetcatalog; path = Images.xcassets; sourceTree = "<group>"; };
		ACFCB8921ADE59550041E7D5 /* Base */ = {isa = PBXFileReference; lastKnownFileType = file.xib; name = Base; path = Base.lproj/LaunchScreen.xib; sourceTree = "<group>"; };
		ACFCB8981ADE59550041E7D5 /* YoungAnimalDetectivesTests.xctest */ = {isa = PBXFileReference; explicitFileType = wrapper.cfbundle; includeInIndex = 0; path = YoungAnimalDetectivesTests.xctest; sourceTree = BUILT_PRODUCTS_DIR; };
		ACFCB89D1ADE59550041E7D5 /* Info.plist */ = {isa = PBXFileReference; lastKnownFileType = text.plist.xml; path = Info.plist; sourceTree = "<group>"; };
		ACFCB89E1ADE59550041E7D5 /* YoungAnimalDetectivesTests.swift */ = {isa = PBXFileReference; lastKnownFileType = sourcecode.swift; path = YoungAnimalDetectivesTests.swift; sourceTree = "<group>"; };
		ACFCB8A91ADE5B960041E7D5 /* ProjectsListViewController.swift */ = {isa = PBXFileReference; fileEncoding = 4; lastKnownFileType = sourcecode.swift; path = ProjectsListViewController.swift; sourceTree = "<group>"; };
		ACFCB8AB1ADE5BBD0041E7D5 /* ProjectDisplayViewController.swift */ = {isa = PBXFileReference; fileEncoding = 4; lastKnownFileType = sourcecode.swift; path = ProjectDisplayViewController.swift; sourceTree = "<group>"; };
		ACFCB8AD1ADE5BEA0041E7D5 /* ObservationsNotepadViewController.swift */ = {isa = PBXFileReference; fileEncoding = 4; lastKnownFileType = sourcecode.swift; path = ObservationsNotepadViewController.swift; sourceTree = "<group>"; };
		ACFCB8B01ADF2E7E0041E7D5 /* back.png */ = {isa = PBXFileReference; lastKnownFileType = image.png; path = back.png; sourceTree = "<group>"; };
		ACFCB8B21ADF2E920041E7D5 /* cat.png */ = {isa = PBXFileReference; lastKnownFileType = image.png; path = cat.png; sourceTree = "<group>"; };
		ACFCB8B31ADF2E920041E7D5 /* clipboardbg.png */ = {isa = PBXFileReference; lastKnownFileType = image.png; path = clipboardbg.png; sourceTree = "<group>"; };
		ACFCB8B41ADF2E920041E7D5 /* background.png */ = {isa = PBXFileReference; lastKnownFileType = image.png; path = background.png; sourceTree = "<group>"; };
		ACFCB8B51ADF2E920041E7D5 /* dog.png */ = {isa = PBXFileReference; lastKnownFileType = image.png; path = dog.png; sourceTree = "<group>"; };
		ACFCB8B61ADF2E920041E7D5 /* pig.png */ = {isa = PBXFileReference; lastKnownFileType = image.png; path = pig.png; sourceTree = "<group>"; };
		ACFCB8B71ADF2E920041E7D5 /* rabbit.png */ = {isa = PBXFileReference; lastKnownFileType = image.png; path = rabbit.png; sourceTree = "<group>"; };
		ACFCB8B81ADF2E920041E7D5 /* detectives.png */ = {isa = PBXFileReference; lastKnownFileType = image.png; path = detectives.png; sourceTree = "<group>"; };
		ACFCB8B91ADF2E920041E7D5 /* animal-blue.png */ = {isa = PBXFileReference; lastKnownFileType = image.png; path = "animal-blue.png"; sourceTree = "<group>"; };
		ACFCB8BA1ADF2E920041E7D5 /* animal-orange.png */ = {isa = PBXFileReference; lastKnownFileType = image.png; path = "animal-orange.png"; sourceTree = "<group>"; };
		ACFCB8C41ADF322F0041E7D5 /* young.png */ = {isa = PBXFileReference; lastKnownFileType = image.png; path = young.png; sourceTree = "<group>"; };
		ACFCB8C61ADF35370041E7D5 /* home.png */ = {isa = PBXFileReference; lastKnownFileType = image.png; path = home.png; sourceTree = "<group>"; };
		ACFCB8C81ADF6EA90041E7D5 /* forward.png */ = {isa = PBXFileReference; lastKnownFileType = image.png; path = forward.png; sourceTree = "<group>"; };
		ACFCB8CA1ADF6EB10041E7D5 /* addbutton.png */ = {isa = PBXFileReference; lastKnownFileType = image.png; path = addbutton.png; sourceTree = "<group>"; };
		ACFCB8CB1ADF6EB10041E7D5 /* circlecat.png */ = {isa = PBXFileReference; lastKnownFileType = image.png; path = circlecat.png; sourceTree = "<group>"; };
		ACFCB8CC1ADF6EB10041E7D5 /* circlepig.png */ = {isa = PBXFileReference; lastKnownFileType = image.png; path = circlepig.png; sourceTree = "<group>"; };
		ACFCB8CD1ADF6EB10041E7D5 /* circlepup.png */ = {isa = PBXFileReference; lastKnownFileType = image.png; path = circlepup.png; sourceTree = "<group>"; };
		ACFCB8CE1ADF6EB10041E7D5 /* circlerabbit.png */ = {isa = PBXFileReference; lastKnownFileType = image.png; path = circlerabbit.png; sourceTree = "<group>"; };
		ACFCB8CF1ADF6EB10041E7D5 /* notepadbutton.png */ = {isa = PBXFileReference; lastKnownFileType = image.png; path = notepadbutton.png; sourceTree = "<group>"; };
		ACFCB8D01ADF6EB10041E7D5 /* squarecat.png */ = {isa = PBXFileReference; lastKnownFileType = image.png; path = squarecat.png; sourceTree = "<group>"; };
		ACFCB8D11ADF6EB10041E7D5 /* squarepig.png */ = {isa = PBXFileReference; lastKnownFileType = image.png; path = squarepig.png; sourceTree = "<group>"; };
		ACFCB8D21ADF6EB10041E7D5 /* squarepup.png */ = {isa = PBXFileReference; lastKnownFileType = image.png; path = squarepup.png; sourceTree = "<group>"; };
		ACFCB8D31ADF6EB10041E7D5 /* squarerabbit.png */ = {isa = PBXFileReference; lastKnownFileType = image.png; path = squarerabbit.png; sourceTree = "<group>"; };
		ACFCB8E11ADF92780041E7D5 /* Project.swift */ = {isa = PBXFileReference; fileEncoding = 4; lastKnownFileType = sourcecode.swift; path = Project.swift; sourceTree = "<group>"; };
		ACFCB8E21ADF92780041E7D5 /* Storable.swift */ = {isa = PBXFileReference; fileEncoding = 4; lastKnownFileType = sourcecode.swift; path = Storable.swift; sourceTree = "<group>"; };
		ACFCB8E31ADF92780041E7D5 /* BehaviourState.swift */ = {isa = PBXFileReference; fileEncoding = 4; lastKnownFileType = sourcecode.swift; path = BehaviourState.swift; sourceTree = "<group>"; };
		ACFCB8E41ADF92780041E7D5 /* Ethogram.swift */ = {isa = PBXFileReference; fileEncoding = 4; lastKnownFileType = sourcecode.swift; path = Ethogram.swift; sourceTree = "<group>"; };
		ACFCB8E51ADF92780041E7D5 /* Session.swift */ = {isa = PBXFileReference; fileEncoding = 4; lastKnownFileType = sourcecode.swift; path = Session.swift; sourceTree = "<group>"; };
		ACFCB8E61ADF92780041E7D5 /* Observation.swift */ = {isa = PBXFileReference; fileEncoding = 4; lastKnownFileType = sourcecode.swift; path = Observation.swift; sourceTree = "<group>"; };
		ACFCB8E71ADF92780041E7D5 /* Individual.swift */ = {isa = PBXFileReference; fileEncoding = 4; lastKnownFileType = sourcecode.swift; path = Individual.swift; sourceTree = "<group>"; };
		ACFCB8E81ADF92780041E7D5 /* Location.swift */ = {isa = PBXFileReference; fileEncoding = 4; lastKnownFileType = sourcecode.swift; path = Location.swift; sourceTree = "<group>"; };
		ACFCB8E91ADF92780041E7D5 /* Weather.swift */ = {isa = PBXFileReference; fileEncoding = 4; lastKnownFileType = sourcecode.swift; path = Weather.swift; sourceTree = "<group>"; };
		ACFCB8EA1ADF92780041E7D5 /* Tag.swift */ = {isa = PBXFileReference; fileEncoding = 4; lastKnownFileType = sourcecode.swift; path = Tag.swift; sourceTree = "<group>"; };
		ACFCB8EB1ADF92780041E7D5 /* Photo.swift */ = {isa = PBXFileReference; fileEncoding = 4; lastKnownFileType = sourcecode.swift; path = Photo.swift; sourceTree = "<group>"; };
		ACFCB8FB1ADF95500041E7D5 /* User.swift */ = {isa = PBXFileReference; fileEncoding = 4; lastKnownFileType = sourcecode.swift; path = User.swift; sourceTree = "<group>"; };
		ACFCB8FD1ADF98F80041E7D5 /* UserAuthService.swift */ = {isa = PBXFileReference; fileEncoding = 4; lastKnownFileType = sourcecode.swift; path = UserAuthService.swift; sourceTree = "<group>"; };
		ACFCB8FF1ADF99340041E7D5 /* BiolifeModel.swift */ = {isa = PBXFileReference; fileEncoding = 4; lastKnownFileType = sourcecode.swift; path = BiolifeModel.swift; sourceTree = "<group>"; };
		ACFCB9061ADFA25B0041E7D5 /* BiolifeDateFormatter.swift */ = {isa = PBXFileReference; fileEncoding = 4; lastKnownFileType = sourcecode.swift; path = BiolifeDateFormatter.swift; sourceTree = "<group>"; };
		ACFCB9081ADFA3270041E7D5 /* NSDate+Encoding.swift */ = {isa = PBXFileReference; fileEncoding = 4; lastKnownFileType = sourcecode.swift; path = "NSDate+Encoding.swift"; sourceTree = "<group>"; };
		ACFCB90C1ADFA9330041E7D5 /* BLTBehaviourStateProtocol.swift */ = {isa = PBXFileReference; fileEncoding = 4; lastKnownFileType = sourcecode.swift; path = BLTBehaviourStateProtocol.swift; sourceTree = "<group>"; };
		ACFCB90D1ADFA9330041E7D5 /* BLTEthogramProtocol.swift */ = {isa = PBXFileReference; fileEncoding = 4; lastKnownFileType = sourcecode.swift; path = BLTEthogramProtocol.swift; sourceTree = "<group>"; };
		ACFCB90E1ADFA9330041E7D5 /* BLTIndividualProtocol.swift */ = {isa = PBXFileReference; fileEncoding = 4; lastKnownFileType = sourcecode.swift; path = BLTIndividualProtocol.swift; sourceTree = "<group>"; };
		ACFCB90F1ADFA9330041E7D5 /* BLTLocationProtocol.swift */ = {isa = PBXFileReference; fileEncoding = 4; lastKnownFileType = sourcecode.swift; path = BLTLocationProtocol.swift; sourceTree = "<group>"; };
		ACFCB9101ADFA9330041E7D5 /* BLTObservationProtocol.swift */ = {isa = PBXFileReference; fileEncoding = 4; lastKnownFileType = sourcecode.swift; path = BLTObservationProtocol.swift; sourceTree = "<group>"; };
		ACFCB9111ADFA9330041E7D5 /* BLTPhotoProtocol.swift */ = {isa = PBXFileReference; fileEncoding = 4; lastKnownFileType = sourcecode.swift; path = BLTPhotoProtocol.swift; sourceTree = "<group>"; };
		ACFCB9121ADFA9330041E7D5 /* BLTProjectProtocol.swift */ = {isa = PBXFileReference; fileEncoding = 4; lastKnownFileType = sourcecode.swift; path = BLTProjectProtocol.swift; sourceTree = "<group>"; };
		ACFCB9131ADFA9330041E7D5 /* BLTSessionProtocol.swift */ = {isa = PBXFileReference; fileEncoding = 4; lastKnownFileType = sourcecode.swift; path = BLTSessionProtocol.swift; sourceTree = "<group>"; };
		ACFCB9141ADFA9330041E7D5 /* BLTTagProtocol.swift */ = {isa = PBXFileReference; fileEncoding = 4; lastKnownFileType = sourcecode.swift; path = BLTTagProtocol.swift; sourceTree = "<group>"; };
		ACFCB9151ADFA9330041E7D5 /* BLTWeatherProtocol.swift */ = {isa = PBXFileReference; fileEncoding = 4; lastKnownFileType = sourcecode.swift; path = BLTWeatherProtocol.swift; sourceTree = "<group>"; };
		ACFCB9201ADFABD30041E7D5 /* Constants.swift */ = {isa = PBXFileReference; fileEncoding = 4; lastKnownFileType = sourcecode.swift; path = Constants.swift; sourceTree = "<group>"; };
		ACFCB9231ADFAC270041E7D5 /* BLTProjectDeserializer.swift */ = {isa = PBXFileReference; fileEncoding = 4; lastKnownFileType = sourcecode.swift; path = BLTProjectDeserializer.swift; sourceTree = "<group>"; };
		ACFCB9241ADFAC270041E7D5 /* BLTProjectSerializer.swift */ = {isa = PBXFileReference; fileEncoding = 4; lastKnownFileType = sourcecode.swift; path = BLTProjectSerializer.swift; sourceTree = "<group>"; };
/* End PBXFileReference section */

/* Begin PBXFrameworksBuildPhase section */
		ACFCB8801ADE59550041E7D5 /* Frameworks */ = {
			isa = PBXFrameworksBuildPhase;
			buildActionMask = 2147483647;
			files = (
			);
			runOnlyForDeploymentPostprocessing = 0;
		};
		ACFCB8951ADE59550041E7D5 /* Frameworks */ = {
			isa = PBXFrameworksBuildPhase;
			buildActionMask = 2147483647;
			files = (
			);
			runOnlyForDeploymentPostprocessing = 0;
		};
/* End PBXFrameworksBuildPhase section */

/* Begin PBXGroup section */
		ACFCB87A1ADE59550041E7D5 = {
			isa = PBXGroup;
			children = (
				ACFCB8851ADE59550041E7D5 /* YoungAnimalDetectives */,
				ACFCB89B1ADE59550041E7D5 /* YoungAnimalDetectivesTests */,
				ACFCB8841ADE59550041E7D5 /* Products */,
			);
			sourceTree = "<group>";
		};
		ACFCB8841ADE59550041E7D5 /* Products */ = {
			isa = PBXGroup;
			children = (
				ACFCB8831ADE59550041E7D5 /* YoungAnimalDetectives.app */,
				ACFCB8981ADE59550041E7D5 /* YoungAnimalDetectivesTests.xctest */,
			);
			name = Products;
			sourceTree = "<group>";
		};
		ACFCB8851ADE59550041E7D5 /* YoungAnimalDetectives */ = {
			isa = PBXGroup;
			children = (
				ACFCB8DF1ADF910A0041E7D5 /* BLTModelLibrary */,
				ACFCB8AF1ADF2DD70041E7D5 /* Images */,
				ACFCB8881ADE59550041E7D5 /* AppDelegate.swift */,
				ACFCB8FD1ADF98F80041E7D5 /* UserAuthService.swift */,
				ACFCB9201ADFABD30041E7D5 /* Constants.swift */,
				ACFCB88C1ADE59550041E7D5 /* Main.storyboard */,
				ACFCB8A81ADE5B3F0041E7D5 /* View Controllers */,
				ACFCB88F1ADE59550041E7D5 /* Images.xcassets */,
				ACFCB8911ADE59550041E7D5 /* LaunchScreen.xib */,
				ACFCB8861ADE59550041E7D5 /* Supporting Files */,
			);
			path = YoungAnimalDetectives;
			sourceTree = "<group>";
		};
		ACFCB8861ADE59550041E7D5 /* Supporting Files */ = {
			isa = PBXGroup;
			children = (
				ACFCB8871ADE59550041E7D5 /* Info.plist */,
			);
			name = "Supporting Files";
			sourceTree = "<group>";
		};
		ACFCB89B1ADE59550041E7D5 /* YoungAnimalDetectivesTests */ = {
			isa = PBXGroup;
			children = (
				ACFCB89E1ADE59550041E7D5 /* YoungAnimalDetectivesTests.swift */,
				ACFCB89C1ADE59550041E7D5 /* Supporting Files */,
			);
			path = YoungAnimalDetectivesTests;
			sourceTree = "<group>";
		};
		ACFCB89C1ADE59550041E7D5 /* Supporting Files */ = {
			isa = PBXGroup;
			children = (
				ACFCB89D1ADE59550041E7D5 /* Info.plist */,
			);
			name = "Supporting Files";
			sourceTree = "<group>";
		};
		ACFCB8A81ADE5B3F0041E7D5 /* View Controllers */ = {
			isa = PBXGroup;
			children = (
				ACFCB88A1ADE59550041E7D5 /* MainViewController.swift */,
				ACFCB8A91ADE5B960041E7D5 /* ProjectsListViewController.swift */,
				ACFCB8AB1ADE5BBD0041E7D5 /* ProjectDisplayViewController.swift */,
				ACFCB8AD1ADE5BEA0041E7D5 /* ObservationsNotepadViewController.swift */,
			);
			name = "View Controllers";
			sourceTree = "<group>";
		};
		ACFCB8AF1ADF2DD70041E7D5 /* Images */ = {
			isa = PBXGroup;
			children = (
				ACFCB8B21ADF2E920041E7D5 /* cat.png */,
				ACFCB8B31ADF2E920041E7D5 /* clipboardbg.png */,
				ACFCB8B41ADF2E920041E7D5 /* background.png */,
				ACFCB8C41ADF322F0041E7D5 /* young.png */,
				ACFCB8B51ADF2E920041E7D5 /* dog.png */,
				ACFCB8B61ADF2E920041E7D5 /* pig.png */,
				ACFCB8CA1ADF6EB10041E7D5 /* addbutton.png */,
				ACFCB8CB1ADF6EB10041E7D5 /* circlecat.png */,
				ACFCB8CC1ADF6EB10041E7D5 /* circlepig.png */,
				ACFCB8CD1ADF6EB10041E7D5 /* circlepup.png */,
				ACFCB8CE1ADF6EB10041E7D5 /* circlerabbit.png */,
				ACFCB8CF1ADF6EB10041E7D5 /* notepadbutton.png */,
				ACFCB8D01ADF6EB10041E7D5 /* squarecat.png */,
				ACFCB8D11ADF6EB10041E7D5 /* squarepig.png */,
				ACFCB8D21ADF6EB10041E7D5 /* squarepup.png */,
				ACFCB8D31ADF6EB10041E7D5 /* squarerabbit.png */,
				ACFCB8B71ADF2E920041E7D5 /* rabbit.png */,
				ACFCB8C61ADF35370041E7D5 /* home.png */,
				ACFCB8B81ADF2E920041E7D5 /* detectives.png */,
				ACFCB8B91ADF2E920041E7D5 /* animal-blue.png */,
				ACFCB8C81ADF6EA90041E7D5 /* forward.png */,
				ACFCB8BA1ADF2E920041E7D5 /* animal-orange.png */,
				ACFCB8B01ADF2E7E0041E7D5 /* back.png */,
			);
			name = Images;
			sourceTree = "<group>";
		};
		ACFCB8DF1ADF910A0041E7D5 /* BLTModelLibrary */ = {
			isa = PBXGroup;
			children = (
				ACFCB9221ADFAC160041E7D5 /* Serialization */,
				ACFCB90B1ADFA9050041E7D5 /* BLTProtocols */,
				ACFCB8F81ADF92B30041E7D5 /* BLTDataModels */,
			);
			name = BLTModelLibrary;
			sourceTree = "<group>";
		};
		ACFCB8F81ADF92B30041E7D5 /* BLTDataModels */ = {
			isa = PBXGroup;
			children = (
				ACFCB8E11ADF92780041E7D5 /* Project.swift */,
				ACFCB9061ADFA25B0041E7D5 /* BiolifeDateFormatter.swift */,
				ACFCB9081ADFA3270041E7D5 /* NSDate+Encoding.swift */,
				ACFCB8E21ADF92780041E7D5 /* Storable.swift */,
				ACFCB8FF1ADF99340041E7D5 /* BiolifeModel.swift */,
				ACFCB8FB1ADF95500041E7D5 /* User.swift */,
				ACFCB8E31ADF92780041E7D5 /* BehaviourState.swift */,
				ACFCB8E41ADF92780041E7D5 /* Ethogram.swift */,
				ACFCB8E51ADF92780041E7D5 /* Session.swift */,
				ACFCB8E61ADF92780041E7D5 /* Observation.swift */,
				ACFCB8E71ADF92780041E7D5 /* Individual.swift */,
				ACFCB8E81ADF92780041E7D5 /* Location.swift */,
				ACFCB8E91ADF92780041E7D5 /* Weather.swift */,
				ACFCB8EA1ADF92780041E7D5 /* Tag.swift */,
				ACFCB8EB1ADF92780041E7D5 /* Photo.swift */,
			);
			name = BLTDataModels;
			sourceTree = "<group>";
		};
		ACFCB90B1ADFA9050041E7D5 /* BLTProtocols */ = {
			isa = PBXGroup;
			children = (
				ACFCB90C1ADFA9330041E7D5 /* BLTBehaviourStateProtocol.swift */,
				ACFCB90D1ADFA9330041E7D5 /* BLTEthogramProtocol.swift */,
				ACFCB90E1ADFA9330041E7D5 /* BLTIndividualProtocol.swift */,
				ACFCB90F1ADFA9330041E7D5 /* BLTLocationProtocol.swift */,
				ACFCB9101ADFA9330041E7D5 /* BLTObservationProtocol.swift */,
				ACFCB9111ADFA9330041E7D5 /* BLTPhotoProtocol.swift */,
				ACFCB9121ADFA9330041E7D5 /* BLTProjectProtocol.swift */,
				ACFCB9131ADFA9330041E7D5 /* BLTSessionProtocol.swift */,
				ACFCB9141ADFA9330041E7D5 /* BLTTagProtocol.swift */,
				ACFCB9151ADFA9330041E7D5 /* BLTWeatherProtocol.swift */,
			);
			name = BLTProtocols;
			sourceTree = "<group>";
		};
		ACFCB9221ADFAC160041E7D5 /* Serialization */ = {
			isa = PBXGroup;
			children = (
				ACFCB9231ADFAC270041E7D5 /* BLTProjectDeserializer.swift */,
				ACFCB9241ADFAC270041E7D5 /* BLTProjectSerializer.swift */,
			);
			name = Serialization;
			sourceTree = "<group>";
		};
/* End PBXGroup section */

/* Begin PBXNativeTarget section */
		ACFCB8821ADE59550041E7D5 /* YoungAnimalDetectives */ = {
			isa = PBXNativeTarget;
			buildConfigurationList = ACFCB8A21ADE59550041E7D5 /* Build configuration list for PBXNativeTarget "YoungAnimalDetectives" */;
			buildPhases = (
				ACFCB87F1ADE59550041E7D5 /* Sources */,
				ACFCB8801ADE59550041E7D5 /* Frameworks */,
				ACFCB8811ADE59550041E7D5 /* Resources */,
			);
			buildRules = (
			);
			dependencies = (
			);
			name = YoungAnimalDetectives;
			productName = YoungAnimalDetectives;
			productReference = ACFCB8831ADE59550041E7D5 /* YoungAnimalDetectives.app */;
			productType = "com.apple.product-type.application";
		};
		ACFCB8971ADE59550041E7D5 /* YoungAnimalDetectivesTests */ = {
			isa = PBXNativeTarget;
			buildConfigurationList = ACFCB8A51ADE59550041E7D5 /* Build configuration list for PBXNativeTarget "YoungAnimalDetectivesTests" */;
			buildPhases = (
				ACFCB8941ADE59550041E7D5 /* Sources */,
				ACFCB8951ADE59550041E7D5 /* Frameworks */,
				ACFCB8961ADE59550041E7D5 /* Resources */,
			);
			buildRules = (
			);
			dependencies = (
				ACFCB89A1ADE59550041E7D5 /* PBXTargetDependency */,
			);
			name = YoungAnimalDetectivesTests;
			productName = YoungAnimalDetectivesTests;
			productReference = ACFCB8981ADE59550041E7D5 /* YoungAnimalDetectivesTests.xctest */;
			productType = "com.apple.product-type.bundle.unit-test";
		};
/* End PBXNativeTarget section */

/* Begin PBXProject section */
		ACFCB87B1ADE59550041E7D5 /* Project object */ = {
			isa = PBXProject;
			attributes = {
				LastUpgradeCheck = 0630;
				ORGANIZATIONNAME = "Li Jia'En, Nicholette";
				TargetAttributes = {
					ACFCB8821ADE59550041E7D5 = {
						CreatedOnToolsVersion = 6.3;
					};
					ACFCB8971ADE59550041E7D5 = {
						CreatedOnToolsVersion = 6.3;
						TestTargetID = ACFCB8821ADE59550041E7D5;
					};
				};
			};
			buildConfigurationList = ACFCB87E1ADE59550041E7D5 /* Build configuration list for PBXProject "YoungAnimalDetectives" */;
			compatibilityVersion = "Xcode 3.2";
			developmentRegion = English;
			hasScannedForEncodings = 0;
			knownRegions = (
				en,
				Base,
			);
			mainGroup = ACFCB87A1ADE59550041E7D5;
			productRefGroup = ACFCB8841ADE59550041E7D5 /* Products */;
			projectDirPath = "";
			projectRoot = "";
			targets = (
				ACFCB8821ADE59550041E7D5 /* YoungAnimalDetectives */,
				ACFCB8971ADE59550041E7D5 /* YoungAnimalDetectivesTests */,
			);
		};
/* End PBXProject section */

/* Begin PBXResourcesBuildPhase section */
		ACFCB8811ADE59550041E7D5 /* Resources */ = {
			isa = PBXResourcesBuildPhase;
			buildActionMask = 2147483647;
			files = (
				ACFCB8BB1ADF2E920041E7D5 /* cat.png in Resources */,
				ACFCB8DB1ADF6EB10041E7D5 /* squarepig.png in Resources */,
				ACFCB8B11ADF2E7E0041E7D5 /* back.png in Resources */,
				ACFCB88E1ADE59550041E7D5 /* Main.storyboard in Resources */,
				ACFCB8C91ADF6EA90041E7D5 /* forward.png in Resources */,
				ACFCB8DC1ADF6EB10041E7D5 /* squarepup.png in Resources */,
				ACFCB8BF1ADF2E920041E7D5 /* pig.png in Resources */,
				ACFCB8D81ADF6EB10041E7D5 /* circlerabbit.png in Resources */,
				ACFCB8D41ADF6EB10041E7D5 /* addbutton.png in Resources */,
				ACFCB8D91ADF6EB10041E7D5 /* notepadbutton.png in Resources */,
				ACFCB8BC1ADF2E920041E7D5 /* clipboardbg.png in Resources */,
				ACFCB8D71ADF6EB10041E7D5 /* circlepup.png in Resources */,
				ACFCB8C01ADF2E920041E7D5 /* rabbit.png in Resources */,
				ACFCB8BE1ADF2E920041E7D5 /* dog.png in Resources */,
				ACFCB8DA1ADF6EB10041E7D5 /* squarecat.png in Resources */,
				ACFCB8C51ADF322F0041E7D5 /* young.png in Resources */,
				ACFCB8D51ADF6EB10041E7D5 /* circlecat.png in Resources */,
				ACFCB8931ADE59550041E7D5 /* LaunchScreen.xib in Resources */,
				ACFCB8BD1ADF2E920041E7D5 /* background.png in Resources */,
				ACFCB8C31ADF2E920041E7D5 /* animal-orange.png in Resources */,
				ACFCB8C71ADF35370041E7D5 /* home.png in Resources */,
				ACFCB8C11ADF2E920041E7D5 /* detectives.png in Resources */,
				ACFCB8DD1ADF6EB10041E7D5 /* squarerabbit.png in Resources */,
				ACFCB8C21ADF2E920041E7D5 /* animal-blue.png in Resources */,
				ACFCB8D61ADF6EB10041E7D5 /* circlepig.png in Resources */,
				ACFCB8901ADE59550041E7D5 /* Images.xcassets in Resources */,
			);
			runOnlyForDeploymentPostprocessing = 0;
		};
		ACFCB8961ADE59550041E7D5 /* Resources */ = {
			isa = PBXResourcesBuildPhase;
			buildActionMask = 2147483647;
			files = (
			);
			runOnlyForDeploymentPostprocessing = 0;
		};
/* End PBXResourcesBuildPhase section */

/* Begin PBXSourcesBuildPhase section */
		ACFCB87F1ADE59550041E7D5 /* Sources */ = {
			isa = PBXSourcesBuildPhase;
			buildActionMask = 2147483647;
			files = (
				ACFCB8F61ADF92780041E7D5 /* Tag.swift in Sources */,
				ACFCB91F1ADFA9330041E7D5 /* BLTWeatherProtocol.swift in Sources */,
				ACFCB9181ADFA9330041E7D5 /* BLTIndividualProtocol.swift in Sources */,
				ACFCB88B1ADE59550041E7D5 /* MainViewController.swift in Sources */,
				ACFCB8AC1ADE5BBD0041E7D5 /* ProjectDisplayViewController.swift in Sources */,
				ACFCB8F01ADF92780041E7D5 /* Ethogram.swift in Sources */,
				ACFCB8F51ADF92780041E7D5 /* Weather.swift in Sources */,
				ACFCB8F21ADF92780041E7D5 /* Observation.swift in Sources */,
				ACFCB8FE1ADF98F80041E7D5 /* UserAuthService.swift in Sources */,
				ACFCB8AE1ADE5BEA0041E7D5 /* ObservationsNotepadViewController.swift in Sources */,
				ACFCB8F41ADF92780041E7D5 /* Location.swift in Sources */,
				ACFCB8F31ADF92780041E7D5 /* Individual.swift in Sources */,
				ACFCB8F71ADF92780041E7D5 /* Photo.swift in Sources */,
				ACFCB91D1ADFA9330041E7D5 /* BLTSessionProtocol.swift in Sources */,
				ACFCB9211ADFABD30041E7D5 /* Constants.swift in Sources */,
				ACFCB91C1ADFA9330041E7D5 /* BLTProjectProtocol.swift in Sources */,
				ACFCB9261ADFAC270041E7D5 /* BLTProjectSerializer.swift in Sources */,
				ACFCB9071ADFA25B0041E7D5 /* BiolifeDateFormatter.swift in Sources */,
				ACFCB9161ADFA9330041E7D5 /* BLTBehaviourStateProtocol.swift in Sources */,
				ACFCB8AA1ADE5B960041E7D5 /* ProjectsListViewController.swift in Sources */,
				ACFCB91B1ADFA9330041E7D5 /* BLTPhotoProtocol.swift in Sources */,
				ACFCB8EE1ADF92780041E7D5 /* Storable.swift in Sources */,
				ACFCB8F11ADF92780041E7D5 /* Session.swift in Sources */,
				ACFCB9191ADFA9330041E7D5 /* BLTLocationProtocol.swift in Sources */,
				ACFCB9001ADF99340041E7D5 /* BiolifeModel.swift in Sources */,
				ACFCB91A1ADFA9330041E7D5 /* BLTObservationProtocol.swift in Sources */,
				ACFCB9251ADFAC270041E7D5 /* BLTProjectDeserializer.swift in Sources */,
				ACFCB9091ADFA3270041E7D5 /* NSDate+Encoding.swift in Sources */,
				ACFCB8FC1ADF95500041E7D5 /* User.swift in Sources */,
				ACFCB8EF1ADF92780041E7D5 /* BehaviourState.swift in Sources */,
				ACFCB9171ADFA9330041E7D5 /* BLTEthogramProtocol.swift in Sources */,
				ACFCB8ED1ADF92780041E7D5 /* Project.swift in Sources */,
				ACFCB8891ADE59550041E7D5 /* AppDelegate.swift in Sources */,
				ACFCB91E1ADFA9330041E7D5 /* BLTTagProtocol.swift in Sources */,
			);
			runOnlyForDeploymentPostprocessing = 0;
		};
		ACFCB8941ADE59550041E7D5 /* Sources */ = {
			isa = PBXSourcesBuildPhase;
			buildActionMask = 2147483647;
			files = (
				ACFCB89F1ADE59550041E7D5 /* YoungAnimalDetectivesTests.swift in Sources */,
			);
			runOnlyForDeploymentPostprocessing = 0;
		};
/* End PBXSourcesBuildPhase section */

/* Begin PBXTargetDependency section */
		ACFCB89A1ADE59550041E7D5 /* PBXTargetDependency */ = {
			isa = PBXTargetDependency;
			target = ACFCB8821ADE59550041E7D5 /* YoungAnimalDetectives */;
			targetProxy = ACFCB8991ADE59550041E7D5 /* PBXContainerItemProxy */;
		};
/* End PBXTargetDependency section */

/* Begin PBXVariantGroup section */
		ACFCB88C1ADE59550041E7D5 /* Main.storyboard */ = {
			isa = PBXVariantGroup;
			children = (
				ACFCB88D1ADE59550041E7D5 /* Base */,
			);
			name = Main.storyboard;
			sourceTree = "<group>";
		};
		ACFCB8911ADE59550041E7D5 /* LaunchScreen.xib */ = {
			isa = PBXVariantGroup;
			children = (
				ACFCB8921ADE59550041E7D5 /* Base */,
			);
			name = LaunchScreen.xib;
			sourceTree = "<group>";
		};
/* End PBXVariantGroup section */

/* Begin XCBuildConfiguration section */
		ACFCB8A01ADE59550041E7D5 /* Debug */ = {
			isa = XCBuildConfiguration;
			buildSettings = {
				ALWAYS_SEARCH_USER_PATHS = NO;
				CLANG_CXX_LANGUAGE_STANDARD = "gnu++0x";
				CLANG_CXX_LIBRARY = "libc++";
				CLANG_ENABLE_MODULES = YES;
				CLANG_ENABLE_OBJC_ARC = YES;
				CLANG_WARN_BOOL_CONVERSION = YES;
				CLANG_WARN_CONSTANT_CONVERSION = YES;
				CLANG_WARN_DIRECT_OBJC_ISA_USAGE = YES_ERROR;
				CLANG_WARN_EMPTY_BODY = YES;
				CLANG_WARN_ENUM_CONVERSION = YES;
				CLANG_WARN_INT_CONVERSION = YES;
				CLANG_WARN_OBJC_ROOT_CLASS = YES_ERROR;
				CLANG_WARN_UNREACHABLE_CODE = YES;
				CLANG_WARN__DUPLICATE_METHOD_MATCH = YES;
				"CODE_SIGN_IDENTITY[sdk=iphoneos*]" = "iPhone Developer";
				COPY_PHASE_STRIP = NO;
				DEBUG_INFORMATION_FORMAT = "dwarf-with-dsym";
				ENABLE_STRICT_OBJC_MSGSEND = YES;
				GCC_C_LANGUAGE_STANDARD = gnu99;
				GCC_DYNAMIC_NO_PIC = NO;
				GCC_NO_COMMON_BLOCKS = YES;
				GCC_OPTIMIZATION_LEVEL = 0;
				GCC_PREPROCESSOR_DEFINITIONS = (
					"DEBUG=1",
					"$(inherited)",
				);
				GCC_SYMBOLS_PRIVATE_EXTERN = NO;
				GCC_WARN_64_TO_32_BIT_CONVERSION = YES;
				GCC_WARN_ABOUT_RETURN_TYPE = YES_ERROR;
				GCC_WARN_UNDECLARED_SELECTOR = YES;
				GCC_WARN_UNINITIALIZED_AUTOS = YES_AGGRESSIVE;
				GCC_WARN_UNUSED_FUNCTION = YES;
				GCC_WARN_UNUSED_VARIABLE = YES;
				IPHONEOS_DEPLOYMENT_TARGET = 8.3;
				MTL_ENABLE_DEBUG_INFO = YES;
				ONLY_ACTIVE_ARCH = YES;
				SDKROOT = iphoneos;
				SWIFT_OPTIMIZATION_LEVEL = "-Onone";
				TARGETED_DEVICE_FAMILY = 2;
			};
			name = Debug;
		};
		ACFCB8A11ADE59550041E7D5 /* Release */ = {
			isa = XCBuildConfiguration;
			buildSettings = {
				ALWAYS_SEARCH_USER_PATHS = NO;
				CLANG_CXX_LANGUAGE_STANDARD = "gnu++0x";
				CLANG_CXX_LIBRARY = "libc++";
				CLANG_ENABLE_MODULES = YES;
				CLANG_ENABLE_OBJC_ARC = YES;
				CLANG_WARN_BOOL_CONVERSION = YES;
				CLANG_WARN_CONSTANT_CONVERSION = YES;
				CLANG_WARN_DIRECT_OBJC_ISA_USAGE = YES_ERROR;
				CLANG_WARN_EMPTY_BODY = YES;
				CLANG_WARN_ENUM_CONVERSION = YES;
				CLANG_WARN_INT_CONVERSION = YES;
				CLANG_WARN_OBJC_ROOT_CLASS = YES_ERROR;
				CLANG_WARN_UNREACHABLE_CODE = YES;
				CLANG_WARN__DUPLICATE_METHOD_MATCH = YES;
				"CODE_SIGN_IDENTITY[sdk=iphoneos*]" = "iPhone Developer";
				COPY_PHASE_STRIP = NO;
				DEBUG_INFORMATION_FORMAT = "dwarf-with-dsym";
				ENABLE_NS_ASSERTIONS = NO;
				ENABLE_STRICT_OBJC_MSGSEND = YES;
				GCC_C_LANGUAGE_STANDARD = gnu99;
				GCC_NO_COMMON_BLOCKS = YES;
				GCC_WARN_64_TO_32_BIT_CONVERSION = YES;
				GCC_WARN_ABOUT_RETURN_TYPE = YES_ERROR;
				GCC_WARN_UNDECLARED_SELECTOR = YES;
				GCC_WARN_UNINITIALIZED_AUTOS = YES_AGGRESSIVE;
				GCC_WARN_UNUSED_FUNCTION = YES;
				GCC_WARN_UNUSED_VARIABLE = YES;
				IPHONEOS_DEPLOYMENT_TARGET = 8.3;
				MTL_ENABLE_DEBUG_INFO = NO;
				SDKROOT = iphoneos;
				TARGETED_DEVICE_FAMILY = 2;
				VALIDATE_PRODUCT = YES;
			};
			name = Release;
		};
		ACFCB8A31ADE59550041E7D5 /* Debug */ = {
			isa = XCBuildConfiguration;
			buildSettings = {
				ASSETCATALOG_COMPILER_APPICON_NAME = AppIcon;
				INFOPLIST_FILE = YoungAnimalDetectives/Info.plist;
				LD_RUNPATH_SEARCH_PATHS = "$(inherited) @executable_path/Frameworks";
				PRODUCT_NAME = "$(TARGET_NAME)";
			};
			name = Debug;
		};
		ACFCB8A41ADE59550041E7D5 /* Release */ = {
			isa = XCBuildConfiguration;
			buildSettings = {
				ASSETCATALOG_COMPILER_APPICON_NAME = AppIcon;
				INFOPLIST_FILE = YoungAnimalDetectives/Info.plist;
				LD_RUNPATH_SEARCH_PATHS = "$(inherited) @executable_path/Frameworks";
				PRODUCT_NAME = "$(TARGET_NAME)";
			};
			name = Release;
		};
		ACFCB8A61ADE59550041E7D5 /* Debug */ = {
			isa = XCBuildConfiguration;
			buildSettings = {
				BUNDLE_LOADER = "$(TEST_HOST)";
				FRAMEWORK_SEARCH_PATHS = (
					"$(SDKROOT)/Developer/Library/Frameworks",
					"$(inherited)",
				);
				GCC_PREPROCESSOR_DEFINITIONS = (
					"DEBUG=1",
					"$(inherited)",
				);
				INFOPLIST_FILE = YoungAnimalDetectivesTests/Info.plist;
				LD_RUNPATH_SEARCH_PATHS = "$(inherited) @executable_path/Frameworks @loader_path/Frameworks";
				PRODUCT_NAME = "$(TARGET_NAME)";
				TEST_HOST = "$(BUILT_PRODUCTS_DIR)/YoungAnimalDetectives.app/YoungAnimalDetectives";
			};
			name = Debug;
		};
		ACFCB8A71ADE59550041E7D5 /* Release */ = {
			isa = XCBuildConfiguration;
			buildSettings = {
				BUNDLE_LOADER = "$(TEST_HOST)";
				FRAMEWORK_SEARCH_PATHS = (
					"$(SDKROOT)/Developer/Library/Frameworks",
					"$(inherited)",
				);
				INFOPLIST_FILE = YoungAnimalDetectivesTests/Info.plist;
				LD_RUNPATH_SEARCH_PATHS = "$(inherited) @executable_path/Frameworks @loader_path/Frameworks";
				PRODUCT_NAME = "$(TARGET_NAME)";
				TEST_HOST = "$(BUILT_PRODUCTS_DIR)/YoungAnimalDetectives.app/YoungAnimalDetectives";
			};
			name = Release;
		};
/* End XCBuildConfiguration section */

/* Begin XCConfigurationList section */
		ACFCB87E1ADE59550041E7D5 /* Build configuration list for PBXProject "YoungAnimalDetectives" */ = {
			isa = XCConfigurationList;
			buildConfigurations = (
				ACFCB8A01ADE59550041E7D5 /* Debug */,
				ACFCB8A11ADE59550041E7D5 /* Release */,
			);
			defaultConfigurationIsVisible = 0;
			defaultConfigurationName = Release;
		};
		ACFCB8A21ADE59550041E7D5 /* Build configuration list for PBXNativeTarget "YoungAnimalDetectives" */ = {
			isa = XCConfigurationList;
			buildConfigurations = (
				ACFCB8A31ADE59550041E7D5 /* Debug */,
				ACFCB8A41ADE59550041E7D5 /* Release */,
			);
			defaultConfigurationIsVisible = 0;
			defaultConfigurationName = Release;
		};
		ACFCB8A51ADE59550041E7D5 /* Build configuration list for PBXNativeTarget "YoungAnimalDetectivesTests" */ = {
			isa = XCConfigurationList;
			buildConfigurations = (
				ACFCB8A61ADE59550041E7D5 /* Debug */,
				ACFCB8A71ADE59550041E7D5 /* Release */,
			);
			defaultConfigurationIsVisible = 0;
			defaultConfigurationName = Release;
		};
/* End XCConfigurationList section */
	};
	rootObject = ACFCB87B1ADE59550041E7D5 /* Project object */;
}
